
Microsoft Visual Studio Solution File, Format Version 12.00
# Visual Studio Version 17
VisualStudioVersion = 17.0.31903.59
MinimumVisualStudioVersion = 10.0.40219.1
Project("{FAE04EC0-301F-11D3-BF4B-00C04F79EFBC}") = "TestTDD", "TestTDD\TestTDD.csproj", "{0D306D64-D581-478D-9BB0-6506768A8DFC}"
EndProject
Project("{FAE04EC0-301F-11D3-BF4B-00C04F79EFBC}") = "ClassLibrary", "ClassLibrary\ClassLibrary.csproj", "{73FA7087-6C8C-4653-B73D-38E3191CF9BD}"
EndProject
Project("{FAE04EC0-301F-11D3-BF4B-00C04F79EFBC}") = "ConsoleApp1", "ConsoleApp1\ConsoleApp1.csproj", "{9955668D-7EA0-460D-9C2D-1D82023DD57B}"
EndProject
Global
	GlobalSection(SolutionConfigurationPlatforms) = preSolution
		Debug|Any CPU = Debug|Any CPU
		Release|Any CPU = Release|Any CPU
	EndGlobalSection
	GlobalSection(SolutionProperties) = preSolution
		HideSolutionNode = FALSE
	EndGlobalSection
	GlobalSection(ProjectConfigurationPlatforms) = postSolution
		{0D306D64-D581-478D-9BB0-6506768A8DFC}.Debug|Any CPU.ActiveCfg = Debug|Any CPU
		{0D306D64-D581-478D-9BB0-6506768A8DFC}.Debug|Any CPU.Build.0 = Debug|Any CPU
		{0D306D64-D581-478D-9BB0-6506768A8DFC}.Release|Any CPU.ActiveCfg = Release|Any CPU
		{0D306D64-D581-478D-9BB0-6506768A8DFC}.Release|Any CPU.Build.0 = Release|Any CPU
		{73FA7087-6C8C-4653-B73D-38E3191CF9BD}.Debug|Any CPU.ActiveCfg = Debug|Any CPU
		{73FA7087-6C8C-4653-B73D-38E3191CF9BD}.Debug|Any CPU.Build.0 = Debug|Any CPU
		{73FA7087-6C8C-4653-B73D-38E3191CF9BD}.Release|Any CPU.ActiveCfg = Release|Any CPU
		{73FA7087-6C8C-4653-B73D-38E3191CF9BD}.Release|Any CPU.Build.0 = Release|Any CPU
		{9955668D-7EA0-460D-9C2D-1D82023DD57B}.Debug|Any CPU.ActiveCfg = Debug|Any CPU
		{9955668D-7EA0-460D-9C2D-1D82023DD57B}.Debug|Any CPU.Build.0 = Debug|Any CPU
		{9955668D-7EA0-460D-9C2D-1D82023DD57B}.Release|Any CPU.ActiveCfg = Release|Any CPU
		{9955668D-7EA0-460D-9C2D-1D82023DD57B}.Release|Any CPU.Build.0 = Release|Any CPU
	EndGlobalSection
EndGlobal
